
Microsoft Visual Studio Solution File, Format Version 12.00
# Visual Studio 15
VisualStudioVersion = 15.0.27004.2005
MinimumVisualStudioVersion = 10.0.40219.1
Project("{FAE04EC0-301F-11D3-BF4B-00C04F79EFBC}") = "Bogosoft.Testing.Objects", "Bogosoft.Testing.Objects\Bogosoft.Testing.Objects.csproj", "{A86D6E03-D44E-4267-83F5-D8BDFB4FFED6}"
EndProject
Project("{FAE04EC0-301F-11D3-BF4B-00C04F79EFBC}") = "Bogosoft.Testing.Objects.Tests", "Bogosoft.Testing.Objects.Tests\Bogosoft.Testing.Objects.Tests.csproj", "{0E8DABF1-18CB-4D10-BD25-829F1AA4D5DC}"
EndProject
Global
	GlobalSection(SolutionConfigurationPlatforms) = preSolution
		Debug|Any CPU = Debug|Any CPU
		Release|Any CPU = Release|Any CPU
	EndGlobalSection
	GlobalSection(ProjectConfigurationPlatforms) = postSolution
		{A86D6E03-D44E-4267-83F5-D8BDFB4FFED6}.Debug|Any CPU.ActiveCfg = Debug|Any CPU
		{A86D6E03-D44E-4267-83F5-D8BDFB4FFED6}.Debug|Any CPU.Build.0 = Debug|Any CPU
		{A86D6E03-D44E-4267-83F5-D8BDFB4FFED6}.Release|Any CPU.ActiveCfg = Release|Any CPU
		{A86D6E03-D44E-4267-83F5-D8BDFB4FFED6}.Release|Any CPU.Build.0 = Release|Any CPU
		{0E8DABF1-18CB-4D10-BD25-829F1AA4D5DC}.Debug|Any CPU.ActiveCfg = Debug|Any CPU
		{0E8DABF1-18CB-4D10-BD25-829F1AA4D5DC}.Debug|Any CPU.Build.0 = Debug|Any CPU
		{0E8DABF1-18CB-4D10-BD25-829F1AA4D5DC}.Release|Any CPU.ActiveCfg = Release|Any CPU
		{0E8DABF1-18CB-4D10-BD25-829F1AA4D5DC}.Release|Any CPU.Build.0 = Release|Any CPU
	EndGlobalSection
	GlobalSection(SolutionProperties) = preSolution
		HideSolutionNode = FALSE
	EndGlobalSection
	GlobalSection(ExtensibilityGlobals) = postSolution
		SolutionGuid = {4250A163-ECC9-4E6D-9740-354B53686D5F}
	EndGlobalSection
EndGlobal
